
Microsoft Visual Studio Solution File, Format Version 12.00
# Visual Studio Version 16
VisualStudioVersion = 16.0.31410.223
MinimumVisualStudioVersion = 10.0.40219.1
Project("{9A19103F-16F7-4668-BE54-9A1E7A4F7556}") = "GrpcService", "GrpcService\GrpcService.csproj", "{FA50C1B4-1C82-4FD2-B3B2-2A8CE0D389A9}"
EndProject
Project("{9A19103F-16F7-4668-BE54-9A1E7A4F7556}") = "GrpcConsoleNet5", "GrpcConsole\GrpcConsoleNet5.csproj", "{4D3273CE-A9A2-4BB0-BACB-C0F6C8B36176}"
EndProject
Project("{FAE04EC0-301F-11D3-BF4B-00C04F79EFBC}") = "GrpcWpfNetFramework", "GrpcWpfNetFramework\GrpcWpfNetFramework.csproj", "{92ACD60B-4E71-4BFB-8EEE-B2221D3DA58A}"
EndProject
Project("{9A19103F-16F7-4668-BE54-9A1E7A4F7556}") = "GrpcNetStandardClass", "GrpcNetStandardClass\GrpcNetStandardClass.csproj", "{9A64EB74-5FFF-4CE6-8809-05D32B71F40B}"
EndProject
Project("{FAE04EC0-301F-11D3-BF4B-00C04F79EFBC}") = "GrpcUWP", "GrpcUWP\GrpcUWP.csproj", "{A943C8CD-87CC-46DF-B7A2-4D8B05582DA7}"
EndProject
Project("{9A19103F-16F7-4668-BE54-9A1E7A4F7556}") = "grpcwpfserver", "grpcwpfserver\grpcwpfserver.csproj", "{C4F2CCDD-45AC-4CA9-8D88-B3F066059086}"
EndProject
Project("{FAE04EC0-301F-11D3-BF4B-00C04F79EFBC}") = "grpcwpfserver.proto", "grpcwpfserver.proto\grpcwpfserver.proto.csproj", "{9A94A98A-F718-4121-AA35-935BA0B2A829}"
EndProject
Project("{FAE04EC0-301F-11D3-BF4B-00C04F79EFBC}") = "grpcwpfnetcore", "grpcwpfnetcore\grpcwpfnetcore.csproj", "{40E191BE-B66E-4BB9-91D2-4A5C1E3FAA68}"
EndProject
Global
	GlobalSection(SolutionConfigurationPlatforms) = preSolution
		Debug|Any CPU = Debug|Any CPU
		Debug|ARM = Debug|ARM
		Debug|ARM64 = Debug|ARM64
		Debug|x64 = Debug|x64
		Debug|x86 = Debug|x86
		Release|Any CPU = Release|Any CPU
		Release|ARM = Release|ARM
		Release|ARM64 = Release|ARM64
		Release|x64 = Release|x64
		Release|x86 = Release|x86
	EndGlobalSection
	GlobalSection(ProjectConfigurationPlatforms) = postSolution
		{FA50C1B4-1C82-4FD2-B3B2-2A8CE0D389A9}.Debug|Any CPU.ActiveCfg = Debug|Any CPU
		{FA50C1B4-1C82-4FD2-B3B2-2A8CE0D389A9}.Debug|Any CPU.Build.0 = Debug|Any CPU
		{FA50C1B4-1C82-4FD2-B3B2-2A8CE0D389A9}.Debug|ARM.ActiveCfg = Debug|Any CPU
		{FA50C1B4-1C82-4FD2-B3B2-2A8CE0D389A9}.Debug|ARM.Build.0 = Debug|Any CPU
		{FA50C1B4-1C82-4FD2-B3B2-2A8CE0D389A9}.Debug|ARM64.ActiveCfg = Debug|Any CPU
		{FA50C1B4-1C82-4FD2-B3B2-2A8CE0D389A9}.Debug|ARM64.Build.0 = Debug|Any CPU
		{FA50C1B4-1C82-4FD2-B3B2-2A8CE0D389A9}.Debug|x64.ActiveCfg = Debug|Any CPU
		{FA50C1B4-1C82-4FD2-B3B2-2A8CE0D389A9}.Debug|x64.Build.0 = Debug|Any CPU
		{FA50C1B4-1C82-4FD2-B3B2-2A8CE0D389A9}.Debug|x86.ActiveCfg = Debug|Any CPU
		{FA50C1B4-1C82-4FD2-B3B2-2A8CE0D389A9}.Debug|x86.Build.0 = Debug|Any CPU
		{FA50C1B4-1C82-4FD2-B3B2-2A8CE0D389A9}.Release|Any CPU.ActiveCfg = Release|Any CPU
		{FA50C1B4-1C82-4FD2-B3B2-2A8CE0D389A9}.Release|Any CPU.Build.0 = Release|Any CPU
		{FA50C1B4-1C82-4FD2-B3B2-2A8CE0D389A9}.Release|ARM.ActiveCfg = Release|Any CPU
		{FA50C1B4-1C82-4FD2-B3B2-2A8CE0D389A9}.Release|ARM.Build.0 = Release|Any CPU
		{FA50C1B4-1C82-4FD2-B3B2-2A8CE0D389A9}.Release|ARM64.ActiveCfg = Release|Any CPU
		{FA50C1B4-1C82-4FD2-B3B2-2A8CE0D389A9}.Release|ARM64.Build.0 = Release|Any CPU
		{FA50C1B4-1C82-4FD2-B3B2-2A8CE0D389A9}.Release|x64.ActiveCfg = Release|Any CPU
		{FA50C1B4-1C82-4FD2-B3B2-2A8CE0D389A9}.Release|x64.Build.0 = Release|Any CPU
		{FA50C1B4-1C82-4FD2-B3B2-2A8CE0D389A9}.Release|x86.ActiveCfg = Release|Any CPU
		{FA50C1B4-1C82-4FD2-B3B2-2A8CE0D389A9}.Release|x86.Build.0 = Release|Any CPU
		{4D3273CE-A9A2-4BB0-BACB-C0F6C8B36176}.Debug|Any CPU.ActiveCfg = Debug|Any CPU
		{4D3273CE-A9A2-4BB0-BACB-C0F6C8B36176}.Debug|Any CPU.Build.0 = Debug|Any CPU
		{4D3273CE-A9A2-4BB0-BACB-C0F6C8B36176}.Debug|ARM.ActiveCfg = Debug|Any CPU
		{4D3273CE-A9A2-4BB0-BACB-C0F6C8B36176}.Debug|ARM.Build.0 = Debug|Any CPU
		{4D3273CE-A9A2-4BB0-BACB-C0F6C8B36176}.Debug|ARM64.ActiveCfg = Debug|Any CPU
		{4D3273CE-A9A2-4BB0-BACB-C0F6C8B36176}.Debug|ARM64.Build.0 = Debug|Any CPU
		{4D3273CE-A9A2-4BB0-BACB-C0F6C8B36176}.Debug|x64.ActiveCfg = Debug|Any CPU
		{4D3273CE-A9A2-4BB0-BACB-C0F6C8B36176}.Debug|x64.Build.0 = Debug|Any CPU
		{4D3273CE-A9A2-4BB0-BACB-C0F6C8B36176}.Debug|x86.ActiveCfg = Debug|Any CPU
		{4D3273CE-A9A2-4BB0-BACB-C0F6C8B36176}.Debug|x86.Build.0 = Debug|Any CPU
		{4D3273CE-A9A2-4BB0-BACB-C0F6C8B36176}.Release|Any CPU.ActiveCfg = Release|Any CPU
		{4D3273CE-A9A2-4BB0-BACB-C0F6C8B36176}.Release|Any CPU.Build.0 = Release|Any CPU
		{4D3273CE-A9A2-4BB0-BACB-C0F6C8B36176}.Release|ARM.ActiveCfg = Release|Any CPU
		{4D3273CE-A9A2-4BB0-BACB-C0F6C8B36176}.Release|ARM.Build.0 = Release|Any CPU
		{4D3273CE-A9A2-4BB0-BACB-C0F6C8B36176}.Release|ARM64.ActiveCfg = Release|Any CPU
		{4D3273CE-A9A2-4BB0-BACB-C0F6C8B36176}.Release|ARM64.Build.0 = Release|Any CPU
		{4D3273CE-A9A2-4BB0-BACB-C0F6C8B36176}.Release|x64.ActiveCfg = Release|Any CPU
		{4D3273CE-A9A2-4BB0-BACB-C0F6C8B36176}.Release|x64.Build.0 = Release|Any CPU
		{4D3273CE-A9A2-4BB0-BACB-C0F6C8B36176}.Release|x86.ActiveCfg = Release|Any CPU
		{4D3273CE-A9A2-4BB0-BACB-C0F6C8B36176}.Release|x86.Build.0 = Release|Any CPU
		{92ACD60B-4E71-4BFB-8EEE-B2221D3DA58A}.Debug|Any CPU.ActiveCfg = Debug|Any CPU
		{92ACD60B-4E71-4BFB-8EEE-B2221D3DA58A}.Debug|Any CPU.Build.0 = Debug|Any CPU
		{92ACD60B-4E71-4BFB-8EEE-B2221D3DA58A}.Debug|ARM.ActiveCfg = Debug|Any CPU
		{92ACD60B-4E71-4BFB-8EEE-B2221D3DA58A}.Debug|ARM.Build.0 = Debug|Any CPU
		{92ACD60B-4E71-4BFB-8EEE-B2221D3DA58A}.Debug|ARM64.ActiveCfg = Debug|Any CPU
		{92ACD60B-4E71-4BFB-8EEE-B2221D3DA58A}.Debug|ARM64.Build.0 = Debug|Any CPU
		{92ACD60B-4E71-4BFB-8EEE-B2221D3DA58A}.Debug|x64.ActiveCfg = Debug|Any CPU
		{92ACD60B-4E71-4BFB-8EEE-B2221D3DA58A}.Debug|x64.Build.0 = Debug|Any CPU
		{92ACD60B-4E71-4BFB-8EEE-B2221D3DA58A}.Debug|x86.ActiveCfg = Debug|Any CPU
		{92ACD60B-4E71-4BFB-8EEE-B2221D3DA58A}.Debug|x86.Build.0 = Debug|Any CPU
		{92ACD60B-4E71-4BFB-8EEE-B2221D3DA58A}.Release|Any CPU.ActiveCfg = Release|Any CPU
		{92ACD60B-4E71-4BFB-8EEE-B2221D3DA58A}.Release|Any CPU.Build.0 = Release|Any CPU
		{92ACD60B-4E71-4BFB-8EEE-B2221D3DA58A}.Release|ARM.ActiveCfg = Release|Any CPU
		{92ACD60B-4E71-4BFB-8EEE-B2221D3DA58A}.Release|ARM.Build.0 = Release|Any CPU
		{92ACD60B-4E71-4BFB-8EEE-B2221D3DA58A}.Release|ARM64.ActiveCfg = Release|Any CPU
		{92ACD60B-4E71-4BFB-8EEE-B2221D3DA58A}.Release|ARM64.Build.0 = Release|Any CPU
		{92ACD60B-4E71-4BFB-8EEE-B2221D3DA58A}.Release|x64.ActiveCfg = Release|Any CPU
		{92ACD60B-4E71-4BFB-8EEE-B2221D3DA58A}.Release|x64.Build.0 = Release|Any CPU
		{92ACD60B-4E71-4BFB-8EEE-B2221D3DA58A}.Release|x86.ActiveCfg = Release|Any CPU
		{92ACD60B-4E71-4BFB-8EEE-B2221D3DA58A}.Release|x86.Build.0 = Release|Any CPU
		{9A64EB74-5FFF-4CE6-8809-05D32B71F40B}.Debug|Any CPU.ActiveCfg = Debug|Any CPU
		{9A64EB74-5FFF-4CE6-8809-05D32B71F40B}.Debug|Any CPU.Build.0 = Debug|Any CPU
		{9A64EB74-5FFF-4CE6-8809-05D32B71F40B}.Debug|ARM.ActiveCfg = Debug|Any CPU
		{9A64EB74-5FFF-4CE6-8809-05D32B71F40B}.Debug|ARM.Build.0 = Debug|Any CPU
		{9A64EB74-5FFF-4CE6-8809-05D32B71F40B}.Debug|ARM64.ActiveCfg = Debug|Any CPU
		{9A64EB74-5FFF-4CE6-8809-05D32B71F40B}.Debug|ARM64.Build.0 = Debug|Any CPU
		{9A64EB74-5FFF-4CE6-8809-05D32B71F40B}.Debug|x64.ActiveCfg = Debug|Any CPU
		{9A64EB74-5FFF-4CE6-8809-05D32B71F40B}.Debug|x64.Build.0 = Debug|Any CPU
		{9A64EB74-5FFF-4CE6-8809-05D32B71F40B}.Debug|x86.ActiveCfg = Debug|Any CPU
		{9A64EB74-5FFF-4CE6-8809-05D32B71F40B}.Debug|x86.Build.0 = Debug|Any CPU
		{9A64EB74-5FFF-4CE6-8809-05D32B71F40B}.Release|Any CPU.ActiveCfg = Release|Any CPU
		{9A64EB74-5FFF-4CE6-8809-05D32B71F40B}.Release|Any CPU.Build.0 = Release|Any CPU
		{9A64EB74-5FFF-4CE6-8809-05D32B71F40B}.Release|ARM.ActiveCfg = Release|Any CPU
		{9A64EB74-5FFF-4CE6-8809-05D32B71F40B}.Release|ARM.Build.0 = Release|Any CPU
		{9A64EB74-5FFF-4CE6-8809-05D32B71F40B}.Release|ARM64.ActiveCfg = Release|Any CPU
		{9A64EB74-5FFF-4CE6-8809-05D32B71F40B}.Release|ARM64.Build.0 = Release|Any CPU
		{9A64EB74-5FFF-4CE6-8809-05D32B71F40B}.Release|x64.ActiveCfg = Release|Any CPU
		{9A64EB74-5FFF-4CE6-8809-05D32B71F40B}.Release|x64.Build.0 = Release|Any CPU
		{9A64EB74-5FFF-4CE6-8809-05D32B71F40B}.Release|x86.ActiveCfg = Release|Any CPU
		{9A64EB74-5FFF-4CE6-8809-05D32B71F40B}.Release|x86.Build.0 = Release|Any CPU
		{A943C8CD-87CC-46DF-B7A2-4D8B05582DA7}.Debug|Any CPU.ActiveCfg = Debug|x86
		{A943C8CD-87CC-46DF-B7A2-4D8B05582DA7}.Debug|Any CPU.Build.0 = Debug|x86
		{A943C8CD-87CC-46DF-B7A2-4D8B05582DA7}.Debug|Any CPU.Deploy.0 = Debug|x86
		{A943C8CD-87CC-46DF-B7A2-4D8B05582DA7}.Debug|ARM.ActiveCfg = Debug|ARM
		{A943C8CD-87CC-46DF-B7A2-4D8B05582DA7}.Debug|ARM.Build.0 = Debug|ARM
		{A943C8CD-87CC-46DF-B7A2-4D8B05582DA7}.Debug|ARM.Deploy.0 = Debug|ARM
		{A943C8CD-87CC-46DF-B7A2-4D8B05582DA7}.Debug|ARM64.ActiveCfg = Debug|ARM64
		{A943C8CD-87CC-46DF-B7A2-4D8B05582DA7}.Debug|ARM64.Build.0 = Debug|ARM64
		{A943C8CD-87CC-46DF-B7A2-4D8B05582DA7}.Debug|ARM64.Deploy.0 = Debug|ARM64
		{A943C8CD-87CC-46DF-B7A2-4D8B05582DA7}.Debug|x64.ActiveCfg = Debug|x64
		{A943C8CD-87CC-46DF-B7A2-4D8B05582DA7}.Debug|x64.Build.0 = Debug|x64
		{A943C8CD-87CC-46DF-B7A2-4D8B05582DA7}.Debug|x64.Deploy.0 = Debug|x64
		{A943C8CD-87CC-46DF-B7A2-4D8B05582DA7}.Debug|x86.ActiveCfg = Debug|x86
		{A943C8CD-87CC-46DF-B7A2-4D8B05582DA7}.Debug|x86.Build.0 = Debug|x86
		{A943C8CD-87CC-46DF-B7A2-4D8B05582DA7}.Debug|x86.Deploy.0 = Debug|x86
		{A943C8CD-87CC-46DF-B7A2-4D8B05582DA7}.Release|Any CPU.ActiveCfg = Release|x86
		{A943C8CD-87CC-46DF-B7A2-4D8B05582DA7}.Release|ARM.ActiveCfg = Release|ARM
		{A943C8CD-87CC-46DF-B7A2-4D8B05582DA7}.Release|ARM.Build.0 = Release|ARM
		{A943C8CD-87CC-46DF-B7A2-4D8B05582DA7}.Release|ARM.Deploy.0 = Release|ARM
		{A943C8CD-87CC-46DF-B7A2-4D8B05582DA7}.Release|ARM64.ActiveCfg = Release|ARM64
		{A943C8CD-87CC-46DF-B7A2-4D8B05582DA7}.Release|ARM64.Build.0 = Release|ARM64
		{A943C8CD-87CC-46DF-B7A2-4D8B05582DA7}.Release|ARM64.Deploy.0 = Release|ARM64
		{A943C8CD-87CC-46DF-B7A2-4D8B05582DA7}.Release|x64.ActiveCfg = Release|x64
		{A943C8CD-87CC-46DF-B7A2-4D8B05582DA7}.Release|x64.Build.0 = Release|x64
		{A943C8CD-87CC-46DF-B7A2-4D8B05582DA7}.Release|x64.Deploy.0 = Release|x64
		{A943C8CD-87CC-46DF-B7A2-4D8B05582DA7}.Release|x86.ActiveCfg = Release|x86
		{A943C8CD-87CC-46DF-B7A2-4D8B05582DA7}.Release|x86.Build.0 = Release|x86
		{A943C8CD-87CC-46DF-B7A2-4D8B05582DA7}.Release|x86.Deploy.0 = Release|x86
		{C4F2CCDD-45AC-4CA9-8D88-B3F066059086}.Debug|Any CPU.ActiveCfg = Debug|Any CPU
		{C4F2CCDD-45AC-4CA9-8D88-B3F066059086}.Debug|Any CPU.Build.0 = Debug|Any CPU
		{C4F2CCDD-45AC-4CA9-8D88-B3F066059086}.Debug|ARM.ActiveCfg = Debug|Any CPU
		{C4F2CCDD-45AC-4CA9-8D88-B3F066059086}.Debug|ARM.Build.0 = Debug|Any CPU
		{C4F2CCDD-45AC-4CA9-8D88-B3F066059086}.Debug|ARM64.ActiveCfg = Debug|Any CPU
		{C4F2CCDD-45AC-4CA9-8D88-B3F066059086}.Debug|ARM64.Build.0 = Debug|Any CPU
		{C4F2CCDD-45AC-4CA9-8D88-B3F066059086}.Debug|x64.ActiveCfg = Debug|Any CPU
		{C4F2CCDD-45AC-4CA9-8D88-B3F066059086}.Debug|x64.Build.0 = Debug|Any CPU
		{C4F2CCDD-45AC-4CA9-8D88-B3F066059086}.Debug|x86.ActiveCfg = Debug|Any CPU
		{C4F2CCDD-45AC-4CA9-8D88-B3F066059086}.Debug|x86.Build.0 = Debug|Any CPU
		{C4F2CCDD-45AC-4CA9-8D88-B3F066059086}.Release|Any CPU.ActiveCfg = Release|Any CPU
		{C4F2CCDD-45AC-4CA9-8D88-B3F066059086}.Release|Any CPU.Build.0 = Release|Any CPU
		{C4F2CCDD-45AC-4CA9-8D88-B3F066059086}.Release|ARM.ActiveCfg = Release|Any CPU
		{C4F2CCDD-45AC-4CA9-8D88-B3F066059086}.Release|ARM.Build.0 = Release|Any CPU
		{C4F2CCDD-45AC-4CA9-8D88-B3F066059086}.Release|ARM64.ActiveCfg = Release|Any CPU
		{C4F2CCDD-45AC-4CA9-8D88-B3F066059086}.Release|ARM64.Build.0 = Release|Any CPU
		{C4F2CCDD-45AC-4CA9-8D88-B3F066059086}.Release|x64.ActiveCfg = Release|Any CPU
		{C4F2CCDD-45AC-4CA9-8D88-B3F066059086}.Release|x64.Build.0 = Release|Any CPU
		{C4F2CCDD-45AC-4CA9-8D88-B3F066059086}.Release|x86.ActiveCfg = Release|Any CPU
		{C4F2CCDD-45AC-4CA9-8D88-B3F066059086}.Release|x86.Build.0 = Release|Any CPU
		{9A94A98A-F718-4121-AA35-935BA0B2A829}.Debug|Any CPU.ActiveCfg = Debug|Any CPU
		{9A94A98A-F718-4121-AA35-935BA0B2A829}.Debug|Any CPU.Build.0 = Debug|Any CPU
		{9A94A98A-F718-4121-AA35-935BA0B2A829}.Debug|ARM.ActiveCfg = Debug|Any CPU
		{9A94A98A-F718-4121-AA35-935BA0B2A829}.Debug|ARM.Build.0 = Debug|Any CPU
		{9A94A98A-F718-4121-AA35-935BA0B2A829}.Debug|ARM64.ActiveCfg = Debug|Any CPU
		{9A94A98A-F718-4121-AA35-935BA0B2A829}.Debug|ARM64.Build.0 = Debug|Any CPU
		{9A94A98A-F718-4121-AA35-935BA0B2A829}.Debug|x64.ActiveCfg = Debug|Any CPU
		{9A94A98A-F718-4121-AA35-935BA0B2A829}.Debug|x64.Build.0 = Debug|Any CPU
		{9A94A98A-F718-4121-AA35-935BA0B2A829}.Debug|x86.ActiveCfg = Debug|Any CPU
		{9A94A98A-F718-4121-AA35-935BA0B2A829}.Debug|x86.Build.0 = Debug|Any CPU
		{9A94A98A-F718-4121-AA35-935BA0B2A829}.Release|Any CPU.ActiveCfg = Release|Any CPU
		{9A94A98A-F718-4121-AA35-935BA0B2A829}.Release|Any CPU.Build.0 = Release|Any CPU
		{9A94A98A-F718-4121-AA35-935BA0B2A829}.Release|ARM.ActiveCfg = Release|Any CPU
		{9A94A98A-F718-4121-AA35-935BA0B2A829}.Release|ARM.Build.0 = Release|Any CPU
		{9A94A98A-F718-4121-AA35-935BA0B2A829}.Release|ARM64.ActiveCfg = Release|Any CPU
		{9A94A98A-F718-4121-AA35-935BA0B2A829}.Release|ARM64.Build.0 = Release|Any CPU
		{9A94A98A-F718-4121-AA35-935BA0B2A829}.Release|x64.ActiveCfg = Release|Any CPU
		{9A94A98A-F718-4121-AA35-935BA0B2A829}.Release|x64.Build.0 = Release|Any CPU
		{9A94A98A-F718-4121-AA35-935BA0B2A829}.Release|x86.ActiveCfg = Release|Any CPU
		{9A94A98A-F718-4121-AA35-935BA0B2A829}.Release|x86.Build.0 = Release|Any CPU
		{40E191BE-B66E-4BB9-91D2-4A5C1E3FAA68}.Debug|Any CPU.ActiveCfg = Debug|Any CPU
		{40E191BE-B66E-4BB9-91D2-4A5C1E3FAA68}.Debug|Any CPU.Build.0 = Debug|Any CPU
		{40E191BE-B66E-4BB9-91D2-4A5C1E3FAA68}.Debug|ARM.ActiveCfg = Debug|Any CPU
		{40E191BE-B66E-4BB9-91D2-4A5C1E3FAA68}.Debug|ARM.Build.0 = Debug|Any CPU
		{40E191BE-B66E-4BB9-91D2-4A5C1E3FAA68}.Debug|ARM64.ActiveCfg = Debug|Any CPU
		{40E191BE-B66E-4BB9-91D2-4A5C1E3FAA68}.Debug|ARM64.Build.0 = Debug|Any CPU
		{40E191BE-B66E-4BB9-91D2-4A5C1E3FAA68}.Debug|x64.ActiveCfg = Debug|Any CPU
		{40E191BE-B66E-4BB9-91D2-4A5C1E3FAA68}.Debug|x64.Build.0 = Debug|Any CPU
		{40E191BE-B66E-4BB9-91D2-4A5C1E3FAA68}.Debug|x86.ActiveCfg = Debug|Any CPU
		{40E191BE-B66E-4BB9-91D2-4A5C1E3FAA68}.Debug|x86.Build.0 = Debug|Any CPU
		{40E191BE-B66E-4BB9-91D2-4A5C1E3FAA68}.Release|Any CPU.ActiveCfg = Release|Any CPU
		{40E191BE-B66E-4BB9-91D2-4A5C1E3FAA68}.Release|Any CPU.Build.0 = Release|Any CPU
		{40E191BE-B66E-4BB9-91D2-4A5C1E3FAA68}.Release|ARM.ActiveCfg = Release|Any CPU
		{40E191BE-B66E-4BB9-91D2-4A5C1E3FAA68}.Release|ARM.Build.0 = Release|Any CPU
		{40E191BE-B66E-4BB9-91D2-4A5C1E3FAA68}.Release|ARM64.ActiveCfg = Release|Any CPU
		{40E191BE-B66E-4BB9-91D2-4A5C1E3FAA68}.Release|ARM64.Build.0 = Release|Any CPU
		{40E191BE-B66E-4BB9-91D2-4A5C1E3FAA68}.Release|x64.ActiveCfg = Release|Any CPU
		{40E191BE-B66E-4BB9-91D2-4A5C1E3FAA68}.Release|x64.Build.0 = Release|Any CPU
		{40E191BE-B66E-4BB9-91D2-4A5C1E3FAA68}.Release|x86.ActiveCfg = Release|Any CPU
		{40E191BE-B66E-4BB9-91D2-4A5C1E3FAA68}.Release|x86.Build.0 = Release|Any CPU
	EndGlobalSection
	GlobalSection(SolutionProperties) = preSolution
		HideSolutionNode = FALSE
	EndGlobalSection
	GlobalSection(ExtensibilityGlobals) = postSolution
		SolutionGuid = {E2B92863-1289-4E73-8504-69792BBF4680}
	EndGlobalSection
EndGlobal
